
Microsoft Visual Studio Solution File, Format Version 12.00
# Visual Studio Version 17
VisualStudioVersion = 17.14.36518.9 d17.14
MinimumVisualStudioVersion = 10.0.40219.1
Project("{FAE04EC0-301F-11D3-BF4B-00C04F79EFBC}") = "CP3", "CP3\CP3.csproj", "{0933885A-C125-48B6-B589-1D5592DCA284}"
EndProject
Global
	GlobalSection(SolutionConfigurationPlatforms) = preSolution
		Debug|Any CPU = Debug|Any CPU
		Release|Any CPU = Release|Any CPU
	EndGlobalSection
	GlobalSection(ProjectConfigurationPlatforms) = postSolution
		{0933885A-C125-48B6-B589-1D5592DCA284}.Debug|Any CPU.ActiveCfg = Debug|Any CPU
		{0933885A-C125-48B6-B589-1D5592DCA284}.Debug|Any CPU.Build.0 = Debug|Any CPU
		{0933885A-C125-48B6-B589-1D5592DCA284}.Release|Any CPU.ActiveCfg = Release|Any CPU
		{0933885A-C125-48B6-B589-1D5592DCA284}.Release|Any CPU.Build.0 = Release|Any CPU
	EndGlobalSection
	GlobalSection(SolutionProperties) = preSolution
		HideSolutionNode = FALSE
	EndGlobalSection
	GlobalSection(ExtensibilityGlobals) = postSolution
		SolutionGuid = {501E6736-733F-494B-A2E1-4022AED41751}
	EndGlobalSection
EndGlobal
